// !$*UTF8*$!
{
	archiveVersion = 1;
	classes = {
	};
	objectVersion = 46;
	objects = {

/* Begin PBXBuildFile section */
		306EF4A41C642296004CF896 /* landmark.cpp in Sources */ = {isa = PBXBuildFile; fileRef = 306EF4A31C642296004CF896 /* landmark.cpp */; };
		306EF4AB1C694D54004CF896 /* linear.cpp in Sources */ = {isa = PBXBuildFile; fileRef = 306EF4AA1C694D54004CF896 /* linear.cpp */; };
		308EC4491C6ACEB300ADBFE8 /* maze.cpp in Sources */ = {isa = PBXBuildFile; fileRef = 308EC4481C6ACEB300ADBFE8 /* maze.cpp */; };
		308EC44B1C6ADE5800ADBFE8 /* tree.cpp in Sources */ = {isa = PBXBuildFile; fileRef = 308EC44A1C6ADE5800ADBFE8 /* tree.cpp */; };
/* End PBXBuildFile section */

/* Begin PBXCopyFilesBuildPhase section */
		306EF49E1C642296004CF896 /* CopyFiles */ = {
			isa = PBXCopyFilesBuildPhase;
			buildActionMask = 2147483647;
			dstPath = /usr/share/man/man1/;
			dstSubfolderSpec = 0;
			files = (
			);
			runOnlyForDeploymentPostprocessing = 1;
		};
/* End PBXCopyFilesBuildPhase section */

/* Begin PBXFileReference section */
		306EF4A01C642296004CF896 /* hw3-streetmap-and-recursion */ = {isa = PBXFileReference; explicitFileType = "compiled.mach-o.executable"; includeInIndex = 0; path = "hw3-streetmap-and-recursion"; sourceTree = BUILT_PRODUCTS_DIR; };
		306EF4A31C642296004CF896 /* landmark.cpp */ = {isa = PBXFileReference; lastKnownFileType = sourcecode.cpp.cpp; path = landmark.cpp; sourceTree = "<group>"; };
		306EF4AA1C694D54004CF896 /* linear.cpp */ = {isa = PBXFileReference; fileEncoding = 4; lastKnownFileType = sourcecode.cpp.cpp; path = linear.cpp; sourceTree = "<group>"; };
		308EC4481C6ACEB300ADBFE8 /* maze.cpp */ = {isa = PBXFileReference; fileEncoding = 4; lastKnownFileType = sourcecode.cpp.cpp; path = maze.cpp; sourceTree = "<group>"; };
		308EC44A1C6ADE5800ADBFE8 /* tree.cpp */ = {isa = PBXFileReference; fileEncoding = 4; lastKnownFileType = sourcecode.cpp.cpp; path = tree.cpp; sourceTree = "<group>"; };
/* End PBXFileReference section */

/* Begin PBXFrameworksBuildPhase section */
		306EF49D1C642296004CF896 /* Frameworks */ = {
			isa = PBXFrameworksBuildPhase;
			buildActionMask = 2147483647;
			files = (
			);
			runOnlyForDeploymentPostprocessing = 0;
		};
/* End PBXFrameworksBuildPhase section */

/* Begin PBXGroup section */
		306EF4971C642296004CF896 = {
			isa = PBXGroup;
			children = (
				306EF4A21C642296004CF896 /* hw3-streetmap-and-recursion */,
				306EF4A11C642296004CF896 /* Products */,
			);
			sourceTree = "<group>";
		};
		306EF4A11C642296004CF896 /* Products */ = {
			isa = PBXGroup;
			children = (
				306EF4A01C642296004CF896 /* hw3-streetmap-and-recursion */,
			);
			name = Products;
			sourceTree = "<group>";
		};
		306EF4A21C642296004CF896 /* hw3-streetmap-and-recursion */ = {
			isa = PBXGroup;
			children = (
				306EF4A31C642296004CF896 /* landmark.cpp */,
				306EF4AA1C694D54004CF896 /* linear.cpp */,
				308EC4481C6ACEB300ADBFE8 /* maze.cpp */,
				308EC44A1C6ADE5800ADBFE8 /* tree.cpp */,
			);
			path = "hw3-streetmap-and-recursion";
			sourceTree = "<group>";
		};
/* End PBXGroup section */

/* Begin PBXNativeTarget section */
		306EF49F1C642296004CF896 /* hw3-streetmap-and-recursion */ = {
			isa = PBXNativeTarget;
			buildConfigurationList = 306EF4A71C642297004CF896 /* Build configuration list for PBXNativeTarget "hw3-streetmap-and-recursion" */;
			buildPhases = (
				306EF49C1C642296004CF896 /* Sources */,
				306EF49D1C642296004CF896 /* Frameworks */,
				306EF49E1C642296004CF896 /* CopyFiles */,
			);
			buildRules = (
			);
			dependencies = (
			);
			name = "hw3-streetmap-and-recursion";
			productName = "hw3-streetmap-and-recursion";
			productReference = 306EF4A01C642296004CF896 /* hw3-streetmap-and-recursion */;
			productType = "com.apple.product-type.tool";
		};
/* End PBXNativeTarget section */

/* Begin PBXProject section */
		306EF4981C642296004CF896 /* Project object */ = {
			isa = PBXProject;
			attributes = {
				LastUpgradeCheck = 0630;
				ORGANIZATIONNAME = CS32;
				TargetAttributes = {
					306EF49F1C642296004CF896 = {
						CreatedOnToolsVersion = 6.3.2;
					};
				};
			};
			buildConfigurationList = 306EF49B1C642296004CF896 /* Build configuration list for PBXProject "hw3-streetmap-and-recursion" */;
			compatibilityVersion = "Xcode 3.2";
			developmentRegion = English;
			hasScannedForEncodings = 0;
			knownRegions = (
				en,
			);
			mainGroup = 306EF4971C642296004CF896;
			productRefGroup = 306EF4A11C642296004CF896 /* Products */;
			projectDirPath = "";
			projectRoot = "";
			targets = (
				306EF49F1C642296004CF896 /* hw3-streetmap-and-recursion */,
			);
		};
/* End PBXProject section */

/* Begin PBXSourcesBuildPhase section */
		306EF49C1C642296004CF896 /* Sources */ = {
			isa = PBXSourcesBuildPhase;
			buildActionMask = 2147483647;
			files = (
				306EF4AB1C694D54004CF896 /* linear.cpp in Sources */,
				308EC44B1C6ADE5800ADBFE8 /* tree.cpp in Sources */,
				306EF4A41C642296004CF896 /* landmark.cpp in Sources */,
				308EC4491C6ACEB300ADBFE8 /* maze.cpp in Sources */,
			);
			runOnlyForDeploymentPostprocessing = 0;
		};
/* End PBXSourcesBuildPhase section */

/* Begin XCBuildConfiguration section */
		306EF4A51C642296004CF896 /* Debug */ = {
			isa = XCBuildConfiguration;
			buildSettings = {
				ALWAYS_SEARCH_USER_PATHS = NO;
				CLANG_CXX_LANGUAGE_STANDARD = "gnu++0x";
				CLANG_CXX_LIBRARY = "libc++";
				CLANG_ENABLE_MODULES = YES;
				CLANG_ENABLE_OBJC_ARC = YES;
				CLANG_WARN_BOOL_CONVERSION = YES;
				CLANG_WARN_CONSTANT_CONVERSION = YES;
				CLANG_WARN_DIRECT_OBJC_ISA_USAGE = YES_ERROR;
				CLANG_WARN_EMPTY_BODY = YES;
				CLANG_WARN_ENUM_CONVERSION = YES;
				CLANG_WARN_INT_CONVERSION = YES;
				CLANG_WARN_OBJC_ROOT_CLASS = YES_ERROR;
				CLANG_WARN_UNREACHABLE_CODE = YES;
				CLANG_WARN__DUPLICATE_METHOD_MATCH = YES;
				COPY_PHASE_STRIP = NO;
				DEBUG_INFORMATION_FORMAT = dwarf;
				ENABLE_STRICT_OBJC_MSGSEND = YES;
				GCC_C_LANGUAGE_STANDARD = gnu99;
				GCC_DYNAMIC_NO_PIC = NO;
				GCC_NO_COMMON_BLOCKS = YES;
				GCC_OPTIMIZATION_LEVEL = 0;
				GCC_PREPROCESSOR_DEFINITIONS = (
					"DEBUG=1",
					"$(inherited)",
				);
				GCC_SYMBOLS_PRIVATE_EXTERN = NO;
				GCC_WARN_64_TO_32_BIT_CONVERSION = YES;
				GCC_WARN_ABOUT_RETURN_TYPE = YES_ERROR;
				GCC_WARN_UNDECLARED_SELECTOR = YES;
				GCC_WARN_UNINITIALIZED_AUTOS = YES_AGGRESSIVE;
				GCC_WARN_UNUSED_FUNCTION = YES;
				GCC_WARN_UNUSED_VARIABLE = YES;
				MACOSX_DEPLOYMENT_TARGET = 10.10;
				MTL_ENABLE_DEBUG_INFO = YES;
				ONLY_ACTIVE_ARCH = YES;
				SDKROOT = macosx;
			};
			name = Debug;
		};
		306EF4A61C642296004CF896 /* Release */ = {
			isa = XCBuildConfiguration;
			buildSettings = {
				ALWAYS_SEARCH_USER_PATHS = NO;
				CLANG_CXX_LANGUAGE_STANDARD = "gnu++0x";
				CLANG_CXX_LIBRARY = "libc++";
				CLANG_ENABLE_MODULES = YES;
				CLANG_ENABLE_OBJC_ARC = YES;
				CLANG_WARN_BOOL_CONVERSION = YES;
				CLANG_WARN_CONSTANT_CONVERSION = YES;
				CLANG_WARN_DIRECT_OBJC_ISA_USAGE = YES_ERROR;
				CLANG_WARN_EMPTY_BODY = YES;
				CLANG_WARN_ENUM_CONVERSION = YES;
				CLANG_WARN_INT_CONVERSION = YES;
				CLANG_WARN_OBJC_ROOT_CLASS = YES_ERROR;
				CLANG_WARN_UNREACHABLE_CODE = YES;
				CLANG_WARN__DUPLICATE_METHOD_MATCH = YES;
				COPY_PHASE_STRIP = NO;
				DEBUG_INFORMATION_FORMAT = "dwarf-with-dsym";
				ENABLE_NS_ASSERTIONS = NO;
				ENABLE_STRICT_OBJC_MSGSEND = YES;
				GCC_C_LANGUAGE_STANDARD = gnu99;
				GCC_NO_COMMON_BLOCKS = YES;
				GCC_WARN_64_TO_32_BIT_CONVERSION = YES;
				GCC_WARN_ABOUT_RETURN_TYPE = YES_ERROR;
				GCC_WARN_UNDECLARED_SELECTOR = YES;
				GCC_WARN_UNINITIALIZED_AUTOS = YES_AGGRESSIVE;
				GCC_WARN_UNUSED_FUNCTION = YES;
				GCC_WARN_UNUSED_VARIABLE = YES;
				MACOSX_DEPLOYMENT_TARGET = 10.10;
				MTL_ENABLE_DEBUG_INFO = NO;
				SDKROOT = macosx;
			};
			name = Release;
		};
		306EF4A81C642297004CF896 /* Debug */ = {
			isa = XCBuildConfiguration;
			buildSettings = {
				PRODUCT_NAME = "$(TARGET_NAME)";
			};
			name = Debug;
		};
		306EF4A91C642297004CF896 /* Release */ = {
			isa = XCBuildConfiguration;
			buildSettings = {
				PRODUCT_NAME = "$(TARGET_NAME)";
			};
			name = Release;
		};
/* End XCBuildConfiguration section */

/* Begin XCConfigurationList section */
		306EF49B1C642296004CF896 /* Build configuration list for PBXProject "hw3-streetmap-and-recursion" */ = {
			isa = XCConfigurationList;
			buildConfigurations = (
				306EF4A51C642296004CF896 /* Debug */,
				306EF4A61C642296004CF896 /* Release */,
			);
			defaultConfigurationIsVisible = 0;
			defaultConfigurationName = Release;
		};
		306EF4A71C642297004CF896 /* Build configuration list for PBXNativeTarget "hw3-streetmap-and-recursion" */ = {
			isa = XCConfigurationList;
			buildConfigurations = (
				306EF4A81C642297004CF896 /* Debug */,
				306EF4A91C642297004CF896 /* Release */,
			);
			defaultConfigurationIsVisible = 0;
			defaultConfigurationName = Release;
		};
/* End XCConfigurationList section */
	};
	rootObject = 306EF4981C642296004CF896 /* Project object */;
}
